{
  "name": "server",
  "version": "1.0.0",
  "lockfileVersion": 1,
  "requires": true,
  "dependencies": {
    "abbrev": {
      "version": "1.1.1",
      "resolved": "http://registry.npm.taobao.org/abbrev/download/abbrev-1.1.1.tgz"
    },
    "ansi-styles": {
      "version": "3.2.1",
      "resolved": "http://registry.npm.taobao.org/ansi-styles/download/ansi-styles-3.2.1.tgz",
      "requires": {
        "color-convert": "^1.9.0"
      },
      "dependencies": {
        "color-convert": {
          "version": "http://registry.npm.taobao.org/color-convert/download/color-convert-1.9.3.tgz"
        }
      }
    },
    "any-promise": {
      "version": "1.3.0",
      "resolved": "http://registry.npm.taobao.org/any-promise/download/any-promise-1.3.0.tgz"
    },
    "anymatch": {
      "version": "2.0.0",
      "resolved": "http://registry.npm.taobao.org/anymatch/download/anymatch-2.0.0.tgz",
      "requires": {
        "normalize-path": "^2.1.1"
      },
      "dependencies": {
        "micromatch": {
          "version": "http://registry.npm.taobao.org/micromatch/download/micromatch-3.1.10.tgz",
          "bundled": true
        },
        "normalize-path": {
          "version": "2.1.1",
          "resolved": "http://registry.npm.taobao.org/normalize-path/download/normalize-path-2.1.1.tgz",
          "integrity": "sha1-GrKLVW4Zg2Oowab35vogE3/mrtk="
        }
      }
    },
    "async-each": {
      "version": "1.0.1",
      "resolved": "http://registry.npm.taobao.org/async-each/download/async-each-1.0.1.tgz"
    },
    "boxen": {
      "version": "1.3.0",
      "resolved": "http://registry.npm.taobao.org/boxen/download/boxen-1.3.0.tgz",
      "dependencies": {
        "ansi-align": {
          "version": "http://registry.npm.taobao.org/ansi-align/download/ansi-align-2.0.0.tgz",
          "bundled": true
        },
        "camelcase": {
          "version": "http://registry.npm.taobao.org/camelcase/download/camelcase-4.1.0.tgz",
          "bundled": true
        },
        "chalk": {
          "version": "http://registry.npm.taobao.org/chalk/download/chalk-2.4.2.tgz",
          "bundled": true
        },
        "cli-boxes": {
          "version": "http://registry.npm.taobao.org/cli-boxes/download/cli-boxes-1.0.0.tgz",
          "bundled": true
        },
        "string-width": {
          "version": "http://registry.npm.taobao.org/string-width/download/string-width-2.1.1.tgz",
          "bundled": true,
          "dependencies": {
            "is-fullwidth-code-point": {
              "version": "http://registry.npm.taobao.org/is-fullwidth-code-point/download/is-fullwidth-code-point-2.0.0.tgz"
            },
            "strip-ansi": {
              "version": "http://registry.npm.taobao.org/strip-ansi/download/strip-ansi-4.0.0.tgz"
            }
          }
        },
        "term-size": {
          "version": "http://registry.npm.taobao.org/term-size/download/term-size-1.2.0.tgz",
          "bundled": true
        },
        "widest-line": {
          "version": "http://registry.npm.taobao.org/widest-line/download/widest-line-2.0.1.tgz",
          "bundled": true,
          "dependencies": {
            "string-width": {
              "version": "http://registry.npm.taobao.org/string-width/download/string-width-2.1.1.tgz",
              "bundled": true,
              "dependencies": {
                "is-fullwidth-code-point": {
                  "version": "http://registry.npm.taobao.org/is-fullwidth-code-point/download/is-fullwidth-code-point-2.0.0.tgz"
                },
                "strip-ansi": {
                  "version": "http://registry.npm.taobao.org/strip-ansi/download/strip-ansi-4.0.0.tgz"
                }
              }
            }
          }
        }
      }
    },
    "brace-expansion": {
      "version": "1.1.11",
      "resolved": "http://registry.npm.taobao.org/brace-expansion/download/brace-expansion-1.1.11.tgz",
      "dependencies": {
        "balanced-match": {
          "version": "http://registry.npm.taobao.org/balanced-match/download/balanced-match-1.0.0.tgz",
          "bundled": true
        },
        "concat-map": {
          "version": "http://registry.npm.taobao.org/concat-map/download/concat-map-0.0.1.tgz",
          "bundled": true
        }
      }
    },
    "bytes": {
      "version": "3.0.0",
      "resolved": "http://registry.npm.taobao.org/bytes/download/bytes-3.0.0.tgz"
    },
    "chokidar": {
      "version": "2.1.2",
      "resolved": "http://registry.npm.taobao.org/chokidar/download/chokidar-2.1.2.tgz",
      "requires": {
        "anymatch": "^2.0.0",
        "async-each": "^1.0.1",
        "inherits": "^2.0.3"
      },
      "dependencies": {
        "anymatch": {
          "version": "http://registry.npm.taobao.org/anymatch/download/anymatch-2.0.0.tgz",
          "bundled": true
        },
        "async-each": {
          "version": "http://registry.npm.taobao.org/async-each/download/async-each-1.0.1.tgz",
          "bundled": true
        },
        "braces": {
          "version": "http://registry.npm.taobao.org/braces/download/braces-2.3.2.tgz",
          "bundled": true,
          "dependencies": {
            "arr-flatten": {
              "version": "http://registry.npm.taobao.org/arr-flatten/download/arr-flatten-1.1.0.tgz"
            },
            "array-unique": {
              "version": "http://registry.npm.taobao.org/array-unique/download/array-unique-0.3.2.tgz"
            },
            "extend-shallow": {
              "version": "http://registry.npm.taobao.org/extend-shallow/download/extend-shallow-2.0.1.tgz"
            },
            "fill-range": {
              "version": "http://registry.npm.taobao.org/fill-range/download/fill-range-4.0.0.tgz"
            },
            "isobject": {
              "version": "http://registry.npm.taobao.org/isobject/download/isobject-3.0.1.tgz"
            },
            "repeat-element": {
              "version": "http://registry.npm.taobao.org/repeat-element/download/repeat-element-1.1.3.tgz"
            },
            "snapdragon": {
              "version": "http://registry.npm.taobao.org/snapdragon/download/snapdragon-0.8.2.tgz"
            },
            "snapdragon-node": {
              "version": "http://registry.npm.taobao.org/snapdragon-node/download/snapdragon-node-2.1.1.tgz"
            },
            "split-string": {
              "version": "http://registry.npm.taobao.org/split-string/download/split-string-3.1.0.tgz",
              "dependencies": {
                "extend-shallow": {
                  "version": "http://registry.npm.taobao.org/extend-shallow/download/extend-shallow-3.0.2.tgz"
                }
              }
            },
            "to-regex": {
              "version": "http://registry.npm.taobao.org/to-regex/download/to-regex-3.0.2.tgz"
            }
          }
        },
        "glob-parent": {
          "version": "http://registry.npm.taobao.org/glob-parent/download/glob-parent-3.1.0.tgz",
          "bundled": true
        },
        "inherits": {
          "version": "http://registry.npm.taobao.org/inherits/download/inherits-2.0.3.tgz",
          "bundled": true
        },
        "is-binary-path": {
          "version": "http://registry.npm.taobao.org/is-binary-path/download/is-binary-path-1.0.1.tgz",
          "bundled": true
        },
        "is-glob": {
          "version": "http://registry.npm.taobao.org/is-glob/download/is-glob-4.0.0.tgz",
          "bundled": true
        },
        "normalize-path": {
          "version": "http://registry.npm.taobao.org/normalize-path/download/normalize-path-3.0.0.tgz",
          "bundled": true
        },
        "path-is-absolute": {
          "version": "http://registry.npm.taobao.org/path-is-absolute/download/path-is-absolute-1.0.1.tgz",
          "bundled": true
        },
        "readdirp": {
          "version": "http://registry.npm.taobao.org/readdirp/download/readdirp-2.2.1.tgz",
          "bundled": true
        },
        "upath": {
          "version": "http://registry.npm.taobao.org/upath/download/upath-1.1.2.tgz",
          "bundled": true
        }
      }
    },
    "ci-info": {
      "version": "1.6.0",
      "resolved": "http://registry.npm.taobao.org/ci-info/download/ci-info-1.6.0.tgz"
    },
    "color-convert": {
      "version": "1.9.3",
      "resolved": "http://registry.npm.taobao.org/color-convert/download/color-convert-1.9.3.tgz",
      "requires": {
        "color-name": "1.1.3"
      },
      "dependencies": {
        "color-name": {
          "version": "http://registry.npm.taobao.org/color-name/download/color-name-1.1.3.tgz"
        }
      }
    },
    "color-name": {
      "version": "1.1.3",
      "resolved": "http://registry.npm.taobao.org/color-name/download/color-name-1.1.3.tgz"
    },
    "copy-to": {
      "version": "2.0.1",
      "resolved": "http://registry.npm.taobao.org/copy-to/download/copy-to-2.0.1.tgz"
    },
    "debug": {
      "version": "3.1.0",
      "resolved": "http://registry.npm.taobao.org/debug/download/debug-3.1.0.tgz",
      "dependencies": {
        "ms": {
          "version": "http://registry.npm.taobao.org/ms/download/ms-2.0.0.tgz"
        }
      }
    },
    "dot-prop": {
      "version": "4.2.0",
      "resolved": "http://registry.npm.taobao.org/dot-prop/download/dot-prop-4.2.0.tgz",
      "dependencies": {
        "is-obj": {
          "version": "http://registry.npm.taobao.org/is-obj/download/is-obj-1.0.1.tgz",
          "bundled": true
        }
      }
    },
    "es6-promise": {
      "version": "3.2.1",
      "resolved": "http://registry.npm.taobao.org/es6-promise/download/es6-promise-3.2.1.tgz"
    },
    "escape-string-regexp": {
      "version": "1.0.5",
      "resolved": "http://registry.npm.taobao.org/escape-string-regexp/download/escape-string-regexp-1.0.5.tgz"
    },
    "global-dirs": {
      "version": "0.1.1",
      "resolved": "http://registry.npm.taobao.org/global-dirs/download/global-dirs-0.1.1.tgz",
      "dependencies": {
        "ini": {
          "version": "http://registry.npm.taobao.org/ini/download/ini-1.3.5.tgz",
          "bundled": true
        }
      }
    },
    "graceful-fs": {
      "version": "4.1.15",
      "resolved": "http://registry.npm.taobao.org/graceful-fs/download/graceful-fs-4.1.15.tgz"
    },
    "http-errors": {
      "version": "1.7.2",
      "resolved": "http://registry.npm.taobao.org/http-errors/download/http-errors-1.7.2.tgz",
      "requires": {
        "inherits": "2.0.3"
      },
      "dependencies": {
        "depd": {
          "version": "http://registry.npm.taobao.org/depd/download/depd-1.1.2.tgz",
          "bundled": true
        },
        "inherits": {
          "version": "http://registry.npm.taobao.org/inherits/download/inherits-2.0.3.tgz",
          "bundled": true
        },
        "setprototypeof": {
          "version": "http://registry.npm.taobao.org/setprototypeof/download/setprototypeof-1.1.1.tgz",
          "bundled": true
        },
        "statuses": {
          "version": "http://registry.npm.taobao.org/statuses/download/statuses-1.5.0.tgz",
          "bundled": true
        },
        "toidentifier": {
          "version": "http://registry.npm.taobao.org/toidentifier/download/toidentifier-1.0.0.tgz",
          "bundled": true
        }
      }
    },
    "iconv-lite": {
      "version": "0.4.23",
      "resolved": "http://registry.npm.taobao.org/iconv-lite/download/iconv-lite-0.4.23.tgz",
      "dependencies": {
        "safer-buffer": {
          "version": "http://registry.npm.taobao.org/safer-buffer/download/safer-buffer-2.1.2.tgz",
          "bundled": true
        }
      }
    },
    "import-lazy": {
      "version": "2.1.0",
      "resolved": "http://registry.npm.taobao.org/import-lazy/download/import-lazy-2.1.0.tgz"
    },
    "inflation": {
      "version": "2.0.0",
      "resolved": "http://registry.npm.taobao.org/inflation/download/inflation-2.0.0.tgz"
    },
    "inherits": {
      "version": "2.0.3",
      "resolved": "http://registry.npm.taobao.org/inherits/download/inherits-2.0.3.tgz"
    },
    "is-ci": {
      "version": "1.2.1",
      "resolved": "http://registry.npm.taobao.org/is-ci/download/is-ci-1.2.1.tgz",
      "requires": {
        "ci-info": "^1.5.0"
      },
      "dependencies": {
        "ci-info": {
          "version": "http://registry.npm.taobao.org/ci-info/download/ci-info-1.6.0.tgz",
          "bundled": true
        }
      }
    },
    "is-installed-globally": {
      "version": "0.1.0",
      "resolved": "http://registry.npm.taobao.org/is-installed-globally/download/is-installed-globally-0.1.0.tgz",
      "requires": {
        "global-dirs": "^0.1.0"
      },
      "dependencies": {
        "global-dirs": {
          "version": "http://registry.npm.taobao.org/global-dirs/download/global-dirs-0.1.1.tgz",
          "bundled": true
        },
        "is-path-inside": {
          "version": "http://registry.npm.taobao.org/is-path-inside/download/is-path-inside-1.0.1.tgz",
          "bundled": true
        }
      }
    },
    "is-npm": {
      "version": "1.0.0",
      "resolved": "http://registry.npm.taobao.org/is-npm/download/is-npm-1.0.0.tgz"
    },
    "isarray": {
      "version": "1.0.0",
      "resolved": "http://registry.npm.taobao.org/isarray/download/isarray-1.0.0.tgz"
    },
    "koa": {
      "version": "2.7.0",
      "resolved": "http://registry.npm.taobao.org/koa/download/koa-2.7.0.tgz",
      "requires": {
        "debug": "~3.1.0",
        "http-errors": "^1.6.3"
      },
      "dependencies": {
        "accepts": {
          "version": "http://registry.npm.taobao.org/accepts/download/accepts-1.3.5.tgz",
          "bundled": true,
          "dependencies": {
            "mime-types": {
              "version": "http://registry.npm.taobao.org/mime-types/download/mime-types-2.1.22.tgz",
              "bundled": true
            },
            "negotiator": {
              "version": "http://registry.npm.taobao.org/negotiator/download/negotiator-0.6.1.tgz",
              "bundled": true
            }
          }
        },
        "cache-content-type": {
          "version": "http://registry.npm.taobao.org/cache-content-type/download/cache-content-type-1.0.1.tgz",
          "bundled": true,
          "dependencies": {
            "mime-types": {
              "version": "http://registry.npm.taobao.org/mime-types/download/mime-types-2.1.22.tgz",
              "bundled": true,
              "dependencies": {
                "mime-db": {
                  "version": "http://registry.npm.taobao.org/mime-db/download/mime-db-1.38.0.tgz",
                  "bundled": true
                }
              }
            },
            "ylru": {
              "version": "http://registry.npm.taobao.org/ylru/download/ylru-1.2.1.tgz",
              "bundled": true
            }
          }
        },
        "content-disposition": {
          "version": "http://registry.npm.taobao.org/content-disposition/download/content-disposition-0.5.3.tgz",
          "bundled": true
        },
        "content-type": {
          "version": "http://registry.npm.taobao.org/content-type/download/content-type-1.0.4.tgz",
          "bundled": true
        },
        "cookies": {
          "version": "http://registry.npm.taobao.org/cookies/download/cookies-0.7.3.tgz",
          "bundled": true
        },
        "debug": {
          "version": "http://registry.npm.taobao.org/debug/download/debug-3.1.0.tgz",
          "bundled": true
        },
        "delegates": {
          "version": "http://registry.npm.taobao.org/delegates/download/delegates-1.0.0.tgz",
          "bundled": true
        },
        "depd": {
          "version": "http://registry.npm.taobao.org/depd/download/depd-1.1.2.tgz",
          "bundled": true
        },
        "destroy": {
          "version": "http://registry.npm.taobao.org/destroy/download/destroy-1.0.4.tgz",
          "bundled": true
        },
        "error-inject": {
          "version": "http://registry.npm.taobao.org/error-inject/download/error-inject-1.0.0.tgz",
          "bundled": true
        },
        "escape-html": {
          "version": "http://registry.npm.taobao.org/escape-html/download/escape-html-1.0.3.tgz",
          "bundled": true
        },
        "fresh": {
          "version": "http://registry.npm.taobao.org/fresh/download/fresh-0.5.2.tgz",
          "bundled": true
        },
        "http-assert": {
          "version": "http://registry.npm.taobao.org/http-assert/download/http-assert-1.4.0.tgz",
          "bundled": true
        },
        "http-errors": {
          "version": "http://registry.npm.taobao.org/http-errors/download/http-errors-1.7.2.tgz",
          "bundled": true,
          "dependencies": {
            "depd": {
              "version": "http://registry.npm.taobao.org/depd/download/depd-1.1.2.tgz",
              "bundled": true
            },
            "inherits": {
              "version": "http://registry.npm.taobao.org/inherits/download/inherits-2.0.3.tgz",
              "bundled": true
            },
            "setprototypeof": {
              "version": "http://registry.npm.taobao.org/setprototypeof/download/setprototypeof-1.1.1.tgz",
              "bundled": true
            },
            "statuses": {
              "version": "http://registry.npm.taobao.org/statuses/download/statuses-1.5.0.tgz",
              "bundled": true
            },
            "toidentifier": {
              "version": "http://registry.npm.taobao.org/toidentifier/download/toidentifier-1.0.0.tgz",
              "bundled": true
            }
          }
        },
        "is-generator-function": {
          "version": "http://registry.npm.taobao.org/is-generator-function/download/is-generator-function-1.0.7.tgz",
          "bundled": true
        },
        "koa-compose": {
          "version": "http://registry.npm.taobao.org/koa-compose/download/koa-compose-4.1.0.tgz",
          "bundled": true
        },
        "koa-convert": {
          "version": "http://registry.npm.taobao.org/koa-convert/download/koa-convert-1.2.0.tgz",
          "bundled": true
        },
        "koa-is-json": {
          "version": "http://registry.npm.taobao.org/koa-is-json/download/koa-is-json-1.0.0.tgz",
          "bundled": true
        },
        "on-finished": {
          "version": "http://registry.npm.taobao.org/on-finished/download/on-finished-2.3.0.tgz",
          "bundled": true
        },
        "only": {
          "version": "http://registry.npm.taobao.org/only/download/only-0.0.2.tgz",
          "bundled": true
        },
        "parseurl": {
          "version": "http://registry.npm.taobao.org/parseurl/download/parseurl-1.3.2.tgz",
          "bundled": true
        },
        "statuses": {
          "version": "http://registry.npm.taobao.org/statuses/download/statuses-1.5.0.tgz",
          "bundled": true
        },
        "type-is": {
          "version": "http://registry.npm.taobao.org/type-is/download/type-is-1.6.16.tgz",
          "bundled": true
        },
        "vary": {
          "version": "http://registry.npm.taobao.org/vary/download/vary-1.1.2.tgz",
          "bundled": true
        }
      }
    },
    "koa-bodyparser": {
      "version": "4.2.1",
      "resolved": "http://registry.npm.taobao.org/koa-bodyparser/download/koa-bodyparser-4.2.1.tgz",
      "integrity": "sha1-TX2stebbEQZkm1ldnlzLFYtvOyk=",
      "requires": {
        "co-body": "^6.0.0",
        "copy-to": "^2.0.1"
      },
      "dependencies": {
        "co-body": {
          "version": "6.0.0",
          "resolved": "http://registry.npm.taobao.org/co-body/download/co-body-6.0.0.tgz",
          "integrity": "sha1-lluTN9f1ZVSAeHRx9CN2ZIIIJ+M=",
          "requires": {
            "inflation": "^2.0.0",
            "qs": "^6.5.2",
            "raw-body": "^2.3.3",
            "type-is": "^1.6.16"
          }
        },
        "depd": {
          "version": "1.1.2",
          "resolved": "http://registry.npm.taobao.org/depd/download/depd-1.1.2.tgz",
          "integrity": "sha1-m81S4UwJd2PnSbJ0xDRu0uVgtak="
        },
        "http-errors": {
          "version": "1.6.3",
          "resolved": "http://registry.npm.taobao.org/http-errors/download/http-errors-1.6.3.tgz",
          "integrity": "sha1-i1VoC7S+KDoLW/TqLjhYC+HZMg0=",
          "requires": {
            "depd": "~1.1.2",
            "inherits": "2.0.3",
            "setprototypeof": "1.1.0",
            "statuses": ">= 1.4.0 < 2"
          }
        },
        "qs": {
          "version": "6.6.0",
          "resolved": "http://registry.npm.taobao.org/qs/download/qs-6.6.0.tgz",
          "integrity": "sha1-qZwPaajSa/fvAS+HHNq7Cu5EJMI="
        },
        "raw-body": {
          "version": "2.3.3",
          "resolved": "http://registry.npm.taobao.org/raw-body/download/raw-body-2.3.3.tgz",
          "integrity": "sha1-GzJOzmtXBuFThVvBFIxlu39uoMM=",
          "requires": {
            "bytes": "3.0.0",
            "http-errors": "1.6.3",
            "iconv-lite": "0.4.23",
            "unpipe": "1.0.0"
          }
        },
        "setprototypeof": {
          "version": "1.1.0",
          "resolved": "http://registry.npm.taobao.org/setprototypeof/download/setprototypeof-1.1.0.tgz",
          "integrity": "sha1-0L2FU2iHtv58DYGMuWLZ2RxU5lY="
        },
        "statuses": {
          "version": "1.5.0",
          "resolved": "http://registry.npm.taobao.org/statuses/download/statuses-1.5.0.tgz",
          "integrity": "sha1-Fhx9rBd2Wf2YEfQ3cfqZOBR4Yow="
        },
        "type-is": {
          "version": "1.6.16",
          "resolved": "http://registry.npm.taobao.org/type-is/download/type-is-1.6.16.tgz",
          "integrity": "sha1-+JzjQVQcZysl7nrjxz3uOyvlAZQ=",
          "requires": {
            "media-typer": "0.3.0",
            "mime-types": "~2.1.18"
          }
        }
      }
    },
    "koa-router": {
      "version": "7.4.0",
      "resolved": "http://registry.npm.taobao.org/koa-router/download/koa-router-7.4.0.tgz",
      "integrity": "sha1-ruH3rcAtXLMdfWdGXJ6syCXoxeA=",
      "requires": {
        "debug": "^3.1.0",
        "http-errors": "^1.3.1",
        "koa-compose": "^3.0.0",
        "methods": "^1.0.1",
        "path-to-regexp": "^1.1.1",
        "urijs": "^1.19.0"
      },
      "dependencies": {
        "debug": {
          "version": "3.2.6",
          "resolved": "http://registry.npm.taobao.org/debug/download/debug-3.2.6.tgz",
          "integrity": "sha1-6D0X3hbYp++3cX7b5fsQE17uYps=",
          "requires": {
            "ms": "^2.1.1"
          }
        },
        "isarray": {
          "version": "0.0.1",
          "resolved": "http://registry.npm.taobao.org/isarray/download/isarray-0.0.1.tgz",
          "integrity": "sha1-ihis/Kmo9Bd+Cav8YDiTmwXR7t8="
        },
        "koa-compose": {
          "version": "3.2.1",
          "resolved": "http://registry.npm.taobao.org/koa-compose/download/koa-compose-3.2.1.tgz",
          "integrity": "sha1-qFzLQLfZhtjlo0Wzoazo6rz1Tec=",
          "requires": {
            "any-promise": "^1.1.0"
          }
        },
        "path-to-regexp": {
          "version": "1.7.0",
          "resolved": "http://registry.npm.taobao.org/path-to-regexp/download/path-to-regexp-1.7.0.tgz",
          "integrity": "sha1-Wf3g9DW62suhA6hOnTvGTpa5k30=",
          "requires": {
            "isarray": "0.0.1"
          }
        },
        "urijs": {
          "version": "1.19.1",
          "resolved": "http://registry.npm.taobao.org/urijs/download/urijs-1.19.1.tgz",
          "integrity": "sha1-Ww/1MMDL3oOG9jQiNbpcpumV0lo="
        }
      }
    },
    "latest-version": {
      "version": "3.1.0",
      "resolved": "http://registry.npm.taobao.org/latest-version/download/latest-version-3.1.0.tgz",
      "dependencies": {
        "package-json": {
          "version": "http://registry.npm.taobao.org/package-json/download/package-json-4.0.1.tgz",
          "bundled": true
        }
      }
    },
    "make-dir": {
      "version": "1.3.0",
      "resolved": "http://registry.npm.taobao.org/make-dir/download/make-dir-1.3.0.tgz",
      "dependencies": {
        "pify": {
          "version": "http://registry.npm.taobao.org/pify/download/pify-3.0.0.tgz",
          "bundled": true
        }
      }
    },
    "media-typer": {
      "version": "0.3.0",
      "resolved": "http://registry.npm.taobao.org/media-typer/download/media-typer-0.3.0.tgz"
    },
    "methods": {
      "version": "1.1.2",
      "resolved": "http://registry.npm.taobao.org/methods/download/methods-1.1.2.tgz"
    },
    "mime-types": {
      "version": "2.1.22",
      "resolved": "http://registry.npm.taobao.org/mime-types/download/mime-types-2.1.22.tgz",
      "dependencies": {
        "mime-db": {
          "version": "http://registry.npm.taobao.org/mime-db/download/mime-db-1.38.0.tgz",
          "bundled": true
        }
      }
    },
    "mongoose": {
      "version": "5.4.19",
      "resolved": "http://registry.npm.taobao.org/mongoose/download/mongoose-5.4.19.tgz",
      "requires": {
        "ms": "2.1.1",
        "safe-buffer": "5.1.2"
      },
      "dependencies": {
        "async": {
          "version": "http://registry.npm.taobao.org/async/download/async-2.6.1.tgz",
          "bundled": true
        },
        "bson": {
          "version": "http://registry.npm.taobao.org/bson/download/bson-1.1.1.tgz",
          "bundled": true
        },
        "kareem": {
          "version": "http://registry.npm.taobao.org/kareem/download/kareem-2.3.0.tgz",
          "bundled": true
        },
        "mongodb": {
          "version": "http://registry.npm.taobao.org/mongodb/download/mongodb-3.1.13.tgz",
          "bundled": true
        },
        "mongodb-core": {
          "version": "http://registry.npm.taobao.org/mongodb-core/download/mongodb-core-3.1.11.tgz",
          "bundled": true,
          "dependencies": {
            "bson": {
              "version": "http://registry.npm.taobao.org/bson/download/bson-1.1.1.tgz"
            },
            "require_optional": {
              "version": "http://registry.npm.taobao.org/require_optional/download/require_optional-1.0.1.tgz"
            },
            "safe-buffer": {
              "version": "http://registry.npm.taobao.org/safe-buffer/download/safe-buffer-5.1.2.tgz"
            },
            "saslprep": {
              "version": "http://registry.npm.taobao.org/saslprep/download/saslprep-1.0.2.tgz"
            }
          }
        },
        "mongoose-legacy-pluralize": {
          "version": "http://registry.npm.taobao.org/mongoose-legacy-pluralize/download/mongoose-legacy-pluralize-1.0.2.tgz",
          "bundled": true
        },
        "mpath": {
          "version": "http://registry.npm.taobao.org/mpath/download/mpath-0.5.1.tgz",
          "bundled": true
        },
        "mquery": {
          "version": "http://registry.npm.taobao.org/mquery/download/mquery-3.2.0.tgz",
          "bundled": true
        },
        "ms": {
          "version": "http://registry.npm.taobao.org/ms/download/ms-2.1.1.tgz",
          "bundled": true
        },
        "regexp-clone": {
          "version": "http://registry.npm.taobao.org/regexp-clone/download/regexp-clone-0.0.1.tgz",
          "bundled": true
        },
        "safe-buffer": {
          "version": "http://registry.npm.taobao.org/safe-buffer/download/safe-buffer-5.1.2.tgz",
          "bundled": true
        },
        "sliced": {
          "version": "http://registry.npm.taobao.org/sliced/download/sliced-1.0.1.tgz",
          "bundled": true
        }
      }
    },
    "monk": {
      "version": "6.0.6",
      "resolved": "http://registry.npm.taobao.org/monk/download/monk-6.0.6.tgz",
      "integrity": "sha1-L/HNV/ABu6D+pz0e6jlSp9NUUMU=",
      "requires": {
        "debug": "*",
        "mongodb": "^2.1.18",
        "monk-middleware-cast-ids": "^0.2.1",
        "monk-middleware-fields": "^0.2.0",
        "monk-middleware-handle-callback": "^0.2.0",
        "monk-middleware-options": "^0.2.1",
        "monk-middleware-query": "^0.2.0",
        "monk-middleware-wait-for-connection": "^0.2.0",
        "object-assign": "^4.1.1"
      },
      "dependencies": {
        "bson": {
          "version": "1.0.9",
          "resolved": "http://registry.npm.taobao.org/bson/download/bson-1.0.9.tgz",
          "integrity": "sha1-EjGfgyOxJUc5t8a++NPomuBaL1c="
        },
        "buffer-shims": {
          "version": "1.0.0",
          "resolved": "http://registry.npm.taobao.org/buffer-shims/download/buffer-shims-1.0.0.tgz",
          "integrity": "sha1-mXjOMXOIxkmth5MCjDR37wRKi1E="
        },
        "core-util-is": {
          "version": "1.0.2",
          "resolved": "http://registry.npm.taobao.org/core-util-is/download/core-util-is-1.0.2.tgz",
          "integrity": "sha1-tf1UIgqivFq1eqtxQMlAdUUDwac="
        },
        "debug": {
          "version": "2.6.9",
          "resolved": "http://registry.npm.taobao.org/debug/download/debug-2.6.9.tgz",
          "integrity": "sha1-XRKFFd8TT/Mn6QpMk/Tgd6U2NB8=",
          "requires": {
            "ms": "2.0.0"
          }
        },
        "mongodb": {
          "version": "2.2.36",
          "resolved": "http://registry.npm.taobao.org/mongodb/download/mongodb-2.2.36.tgz",
          "integrity": "sha1-HFc2gLKEn7D0esu6PcX6Io3pdfU=",
          "requires": {
            "es6-promise": "3.2.1",
            "mongodb-core": "2.1.20",
            "readable-stream": "2.2.7"
          }
        },
        "mongodb-core": {
          "version": "2.1.20",
          "resolved": "http://registry.npm.taobao.org/mongodb-core/download/mongodb-core-2.1.20.tgz",
          "integrity": "sha1-/s6N12tZ7n1/LTE7ZTIsFgSS2PE=",
          "requires": {
            "bson": "~1.0.4",
            "require_optional": "~1.0.0"
          }
        },
        "monk-middleware-fields": {
          "version": "0.2.0",
          "resolved": "http://registry.npm.taobao.org/monk-middleware-fields/download/monk-middleware-fields-0.2.0.tgz",
          "integrity": "sha1-/2N6819ZSIecyyvhWpE2CRG+psE="
        },
        "monk-middleware-handle-callback": {
          "version": "0.2.2",
          "resolved": "http://registry.npm.taobao.org/monk-middleware-handle-callback/download/monk-middleware-handle-callback-0.2.2.tgz",
          "integrity": "sha1-R95swSSHJscqK+DIG8TmgxDDIUY="
        },
        "monk-middleware-options": {
          "version": "0.2.1",
          "resolved": "http://registry.npm.taobao.org/monk-middleware-options/download/monk-middleware-options-0.2.1.tgz",
          "integrity": "sha1-WNrhxRjUZjbr3/UG+t/Hc7tEKIY="
        },
        "ms": {
          "version": "2.0.0",
          "resolved": "http://registry.npm.taobao.org/ms/download/ms-2.0.0.tgz",
          "integrity": "sha1-VgiurfwAvmwpAd9fmGF4jeDVl8g="
        },
        "process-nextick-args": {
          "version": "1.0.7",
          "resolved": "http://registry.npm.taobao.org/process-nextick-args/download/process-nextick-args-1.0.7.tgz",
          "integrity": "sha1-FQ4gt1ZZCtP5EJPyWk8q2L/zC6M="
        },
        "readable-stream": {
          "version": "2.2.7",
          "resolved": "http://registry.npm.taobao.org/readable-stream/download/readable-stream-2.2.7.tgz",
          "integrity": "sha1-BwV6y+JGeyIELTb5jFrVBwVOlbE=",
          "requires": {
            "buffer-shims": "~1.0.0",
            "core-util-is": "~1.0.0",
            "inherits": "~2.0.1",
            "isarray": "~1.0.0",
            "process-nextick-args": "~1.0.6",
            "string_decoder": "~1.0.0",
            "util-deprecate": "~1.0.1"
          }
        },
        "require_optional": {
          "version": "1.0.1",
          "resolved": "http://registry.npm.taobao.org/require_optional/download/require_optional-1.0.1.tgz",
          "integrity": "sha1-TPNaQkf2TKPfjC7yCMxJSxyo/C4=",
          "requires": {
            "resolve-from": "^2.0.0",
            "semver": "^5.1.0"
          }
        },
        "semver": {
          "version": "5.6.0",
          "resolved": "http://registry.npm.taobao.org/semver/download/semver-5.6.0.tgz",
          "integrity": "sha1-fnQlb7qknHWqfHogXMInmcrIAAQ="
        },
        "string_decoder": {
          "version": "1.0.3",
          "resolved": "http://registry.npm.taobao.org/string_decoder/download/string_decoder-1.0.3.tgz",
          "integrity": "sha1-D8Z9fBQYJd6UKC3VNr7GubzoYKs=",
          "requires": {
            "safe-buffer": "~5.1.0"
          }
        },
        "util-deprecate": {
          "version": "1.0.2",
          "resolved": "http://registry.npm.taobao.org/util-deprecate/download/util-deprecate-1.0.2.tgz",
          "integrity": "sha1-RQ1Nyfpw3nMnYvvS1KKJgUGaDM8="
        }
      }
    },
    "monk-middleware-cast-ids": {
      "version": "0.2.1",
      "resolved": "http://registry.npm.taobao.org/monk-middleware-cast-ids/download/monk-middleware-cast-ids-0.2.1.tgz"
    },
    "monk-middleware-query": {
      "version": "0.2.0",
      "resolved": "http://registry.npm.taobao.org/monk-middleware-query/download/monk-middleware-query-0.2.0.tgz"
    },
    "monk-middleware-wait-for-connection": {
      "version": "0.2.0",
      "resolved": "http://registry.npm.taobao.org/monk-middleware-wait-for-connection/download/monk-middleware-wait-for-connection-0.2.0.tgz"
    },
    "ms": {
      "version": "2.1.1",
      "resolved": "http://registry.npm.taobao.org/ms/download/ms-2.1.1.tgz"
    },
    "nodemon": {
      "version": "1.18.10",
      "resolved": "http://registry.npm.taobao.org/nodemon/download/nodemon-1.18.10.tgz",
      "integrity": "sha1-O6Y/ZOtMKDzz5PdfMIF+nU85Ov4=",
      "requires": {
        "chokidar": "^2.1.0",
        "debug": "^3.1.0",
        "ignore-by-default": "^1.0.1",
        "minimatch": "^3.0.4",
        "pstree.remy": "^1.1.6",
        "semver": "^5.5.0",
        "supports-color": "^5.2.0",
        "touch": "^3.1.0",
        "undefsafe": "^2.0.2",
        "update-notifier": "^2.5.0"
      },
      "dependencies": {
        "chalk": {
          "version": "2.4.2",
          "resolved": "http://registry.npm.taobao.org/chalk/download/chalk-2.4.2.tgz",
          "integrity": "sha1-zUJUFnelQzPPVBpJEIwUMrRMlCQ=",
          "requires": {
            "ansi-styles": "^3.2.1",
            "escape-string-regexp": "^1.0.5",
            "supports-color": "^5.3.0"
          }
        },
        "configstore": {
          "version": "3.1.2",
          "resolved": "http://registry.npm.taobao.org/configstore/download/configstore-3.1.2.tgz",
          "integrity": "sha1-xvJd767vJt8S3TNBSwAf6BpUP48=",
          "requires": {
            "dot-prop": "^4.1.0",
            "graceful-fs": "^4.1.2",
            "make-dir": "^1.0.0",
            "unique-string": "^1.0.0",
            "write-file-atomic": "^2.0.0",
            "xdg-basedir": "^3.0.0"
          }
        },
        "ignore-by-default": {
          "version": "1.0.1",
          "resolved": "http://registry.npm.taobao.org/ignore-by-default/download/ignore-by-default-1.0.1.tgz",
          "integrity": "sha1-SMptcvbGo68Aqa1K5odr44ieKwk="
        },
        "minimatch": {
          "version": "3.0.4",
          "resolved": "http://registry.npm.taobao.org/minimatch/download/minimatch-3.0.4.tgz",
          "integrity": "sha1-UWbihkV/AzBgZL5Ul+jbsMPTIIM=",
          "requires": {
            "brace-expansion": "^1.1.7"
          }
        },
        "ms": {
          "version": "2.0.0",
          "resolved": "http://registry.npm.taobao.org/ms/download/ms-2.0.0.tgz",
          "integrity": "sha1-VgiurfwAvmwpAd9fmGF4jeDVl8g="
        },
        "pstree.remy": {
          "version": "1.1.6",
          "resolved": "http://registry.npm.taobao.org/pstree.remy/download/pstree.remy-1.1.6.tgz",
          "integrity": "sha1-c6VarZ4tlYFJJxMfv03Bti0ln0c="
        },
        "semver-diff": {
          "version": "2.1.0",
          "resolved": "http://registry.npm.taobao.org/semver-diff/download/semver-diff-2.1.0.tgz",
          "integrity": "sha1-S7uEN8jTfksM8aaP1ybsbWRdbTY=",
          "requires": {
            "semver": "^5.0.3"
          }
        },
        "undefsafe": {
          "version": "2.0.2",
          "resolved": "http://registry.npm.taobao.org/undefsafe/download/undefsafe-2.0.2.tgz",
          "integrity": "sha1-Il9rngM3Zj4Njnz9aG/Cg2zKznY=",
          "requires": {
            "debug": "^2.2.0"
          },
          "dependencies": {
            "debug": {
              "version": "2.6.9",
              "resolved": "http://registry.npm.taobao.org/debug/download/debug-2.6.9.tgz",
              "integrity": "sha1-XRKFFd8TT/Mn6QpMk/Tgd6U2NB8=",
              "requires": {
                "ms": "2.0.0"
              }
            }
          }
        },
        "update-notifier": {
          "version": "2.5.0",
          "resolved": "http://registry.npm.taobao.org/update-notifier/download/update-notifier-2.5.0.tgz",
          "integrity": "sha1-0HRFk+E/Fh5AassdlAi3LK0Ir/Y=",
          "requires": {
            "boxen": "^1.2.1",
            "chalk": "^2.0.1",
            "configstore": "^3.0.0",
            "import-lazy": "^2.1.0",
            "is-ci": "^1.0.10",
            "is-installed-globally": "^0.1.0",
            "is-npm": "^1.0.0",
            "latest-version": "^3.0.0",
            "semver-diff": "^2.0.0",
            "xdg-basedir": "^3.0.0"
          }
        }
      }
    },
    "nopt": {
      "version": "1.0.10",
      "resolved": "http://registry.npm.taobao.org/nopt/download/nopt-1.0.10.tgz",
      "requires": {
        "abbrev": "1"
      },
      "dependencies": {
        "abbrev": {
          "version": "http://registry.npm.taobao.org/abbrev/download/abbrev-1.1.1.tgz",
          "bundled": true
        }
      }
    },
    "object-assign": {
      "version": "4.1.1",
      "resolved": "http://registry.npm.taobao.org/object-assign/download/object-assign-4.1.1.tgz"
    },
    "resolve-from": {
      "version": "2.0.0",
      "resolved": "http://registry.npm.taobao.org/resolve-from/download/resolve-from-2.0.0.tgz"
    },
    "safe-buffer": {
      "version": "5.1.2",
      "resolved": "http://registry.npm.taobao.org/safe-buffer/download/safe-buffer-5.1.2.tgz"
    },
    "semver": {
      "version": "5.6.0",
      "resolved": "http://registry.npm.taobao.org/semver/download/semver-5.6.0.tgz"
    },
    "supports-color": {
      "version": "5.5.0",
      "resolved": "http://registry.npm.taobao.org/supports-color/download/supports-color-5.5.0.tgz",
      "dependencies": {
        "has-flag": {
          "version": "http://registry.npm.taobao.org/has-flag/download/has-flag-3.0.0.tgz",
          "bundled": true
        }
      }
    },
    "touch": {
      "version": "3.1.0",
      "resolved": "http://registry.npm.taobao.org/touch/download/touch-3.1.0.tgz",
      "requires": {
        "nopt": "~1.0.10"
      },
      "dependencies": {
        "nopt": {
          "version": "http://registry.npm.taobao.org/nopt/download/nopt-1.0.10.tgz",
          "bundled": true
        }
      }
    },
    "unique-string": {
      "version": "1.0.0",
      "resolved": "http://registry.npm.taobao.org/unique-string/download/unique-string-1.0.0.tgz",
      "dependencies": {
        "crypto-random-string": {
          "version": "http://registry.npm.taobao.org/crypto-random-string/download/crypto-random-string-1.0.0.tgz",
          "bundled": true
        }
      }
    },
    "unpipe": {
      "version": "1.0.0",
      "resolved": "http://registry.npm.taobao.org/unpipe/download/unpipe-1.0.0.tgz"
    },
    "write-file-atomic": {
      "version": "2.4.2",
      "resolved": "http://registry.npm.taobao.org/write-file-atomic/download/write-file-atomic-2.4.2.tgz",
      "requires": {
        "graceful-fs": "^4.1.11"
      },
      "dependencies": {
        "graceful-fs": {
          "version": "http://registry.npm.taobao.org/graceful-fs/download/graceful-fs-4.1.15.tgz",
          "bundled": true
        },
        "imurmurhash": {
          "version": "http://registry.npm.taobao.org/imurmurhash/download/imurmurhash-0.1.4.tgz",
          "bundled": true
        },
        "signal-exit": {
          "version": "http://registry.npm.taobao.org/signal-exit/download/signal-exit-3.0.2.tgz",
          "bundled": true
        }
      }
    },
    "xdg-basedir": {
      "version": "3.0.0",
      "resolved": "http://registry.npm.taobao.org/xdg-basedir/download/xdg-basedir-3.0.0.tgz"
    }
  }
}
